
Microsoft Visual Studio Solution File, Format Version 12.00
# Visual Studio 15
VisualStudioVersion = 15.0.27703.2035
MinimumVisualStudioVersion = 10.0.40219.1
Project("{FAE04EC0-301F-11D3-BF4B-00C04F79EFBC}") = "Log", "Log\Log.csproj", "{03227098-87D2-4D0C-B32E-0C254B031B75}"
EndProject
Global
	GlobalSection(SolutionConfigurationPlatforms) = preSolution
		Debug|Any CPU = Debug|Any CPU
		Release|Any CPU = Release|Any CPU
	EndGlobalSection
	GlobalSection(ProjectConfigurationPlatforms) = postSolution
		{03227098-87D2-4D0C-B32E-0C254B031B75}.Debug|Any CPU.ActiveCfg = Debug|Any CPU
		{03227098-87D2-4D0C-B32E-0C254B031B75}.Debug|Any CPU.Build.0 = Debug|Any CPU
		{03227098-87D2-4D0C-B32E-0C254B031B75}.Release|Any CPU.ActiveCfg = Release|Any CPU
		{03227098-87D2-4D0C-B32E-0C254B031B75}.Release|Any CPU.Build.0 = Release|Any CPU
	EndGlobalSection
	GlobalSection(SolutionProperties) = preSolution
		HideSolutionNode = FALSE
	EndGlobalSection
	GlobalSection(ExtensibilityGlobals) = postSolution
		SolutionGuid = {F53BB72A-0536-4115-AEC9-660390F1B019}
	EndGlobalSection
EndGlobal
